memo = "13e0723288d412ca6c7470a350ef6ead725352419209f64d120ffc8135ac0c1b"

[[projects]]
  branch = "master"
  name = "github.com/line/line-bot-sdk-go"
  packages = ["linebot"]
  revision = "483cc8789b4d6df977b7b78d8b1fb4c6eb7ed81f"

[[projects]]
  branch = "master"
  name = "golang.org/x/net"
  packages = ["context","context/ctxhttp"]
  revision = "66aacef3dd8a676686c7ae3716979581e8b03c47"
